
Microsoft Visual Studio Solution File, Format Version 12.00
# Visual Studio Version 17
VisualStudioVersion = 17.1.32228.430
MinimumVisualStudioVersion = 10.0.40219.1
Project("{FAE04EC0-301F-11D3-BF4B-00C04F79EFBC}") = "ValenciaSustainability", "ValenciaSustainability\ValenciaSustainability.csproj", "{D78B49A8-4693-4C2E-92BF-39FA5B74199F}"
EndProject
Project("{FAE04EC0-301F-11D3-BF4B-00C04F79EFBC}") = "ValenciaSustainability.Tests", "ValenciaSustainability.Tests\ValenciaSustainability.Tests.csproj", "{3C573269-31DB-470B-B052-543654218D58}"
EndProject
Project("{FAE04EC0-301F-11D3-BF4B-00C04F79EFBC}") = "ClassLibrary1", "ClassLibrary1\ClassLibrary1.csproj", "{3017DB53-468F-457C-8622-8A583EBB956A}"
EndProject
Global
	GlobalSection(SolutionConfigurationPlatforms) = preSolution
		Debug|Any CPU = Debug|Any CPU
		Release|Any CPU = Release|Any CPU
	EndGlobalSection
	GlobalSection(ProjectConfigurationPlatforms) = postSolution
		{D78B49A8-4693-4C2E-92BF-39FA5B74199F}.Debug|Any CPU.ActiveCfg = Debug|Any CPU
		{D78B49A8-4693-4C2E-92BF-39FA5B74199F}.Debug|Any CPU.Build.0 = Debug|Any CPU
		{D78B49A8-4693-4C2E-92BF-39FA5B74199F}.Release|Any CPU.ActiveCfg = Release|Any CPU
		{D78B49A8-4693-4C2E-92BF-39FA5B74199F}.Release|Any CPU.Build.0 = Release|Any CPU
		{3C573269-31DB-470B-B052-543654218D58}.Debug|Any CPU.ActiveCfg = Debug|Any CPU
		{3C573269-31DB-470B-B052-543654218D58}.Debug|Any CPU.Build.0 = Debug|Any CPU
		{3C573269-31DB-470B-B052-543654218D58}.Release|Any CPU.ActiveCfg = Release|Any CPU
		{3C573269-31DB-470B-B052-543654218D58}.Release|Any CPU.Build.0 = Release|Any CPU
		{3017DB53-468F-457C-8622-8A583EBB956A}.Debug|Any CPU.ActiveCfg = Debug|Any CPU
		{3017DB53-468F-457C-8622-8A583EBB956A}.Debug|Any CPU.Build.0 = Debug|Any CPU
		{3017DB53-468F-457C-8622-8A583EBB956A}.Release|Any CPU.ActiveCfg = Release|Any CPU
		{3017DB53-468F-457C-8622-8A583EBB956A}.Release|Any CPU.Build.0 = Release|Any CPU
	EndGlobalSection
	GlobalSection(SolutionProperties) = preSolution
		HideSolutionNode = FALSE
	EndGlobalSection
	GlobalSection(ExtensibilityGlobals) = postSolution
		SolutionGuid = {6248D576-8660-4F1D-931F-EBF16A7DC91E}
	EndGlobalSection
EndGlobal
